
Microsoft Visual Studio Solution File, Format Version 12.00
# Visual Studio Version 17
VisualStudioVersion = 17.8.34330.188
MinimumVisualStudioVersion = 10.0.40219.1
Project("{FAE04EC0-301F-11D3-BF4B-00C04F79EFBC}") = "AulaTestes.NET", "AulaTestes.NET\AulaTestes.NET.csproj", "{8411CE91-8AA1-40D1-9DDA-DE99A985DCCD}"
EndProject
Project("{FAE04EC0-301F-11D3-BF4B-00C04F79EFBC}") = "AulaTestes.NETTests", "AulaTestes.NETTests\AulaTestes.NETTests.csproj", "{61ABBB50-A10E-4622-BEB5-66DA84CC7148}"
EndProject
Global
	GlobalSection(SolutionConfigurationPlatforms) = preSolution
		Debug|Any CPU = Debug|Any CPU
		Release|Any CPU = Release|Any CPU
	EndGlobalSection
	GlobalSection(ProjectConfigurationPlatforms) = postSolution
		{8411CE91-8AA1-40D1-9DDA-DE99A985DCCD}.Debug|Any CPU.ActiveCfg = Debug|Any CPU
		{8411CE91-8AA1-40D1-9DDA-DE99A985DCCD}.Debug|Any CPU.Build.0 = Debug|Any CPU
		{8411CE91-8AA1-40D1-9DDA-DE99A985DCCD}.Release|Any CPU.ActiveCfg = Release|Any CPU
		{8411CE91-8AA1-40D1-9DDA-DE99A985DCCD}.Release|Any CPU.Build.0 = Release|Any CPU
		{61ABBB50-A10E-4622-BEB5-66DA84CC7148}.Debug|Any CPU.ActiveCfg = Debug|Any CPU
		{61ABBB50-A10E-4622-BEB5-66DA84CC7148}.Debug|Any CPU.Build.0 = Debug|Any CPU
		{61ABBB50-A10E-4622-BEB5-66DA84CC7148}.Release|Any CPU.ActiveCfg = Release|Any CPU
		{61ABBB50-A10E-4622-BEB5-66DA84CC7148}.Release|Any CPU.Build.0 = Release|Any CPU
	EndGlobalSection
	GlobalSection(SolutionProperties) = preSolution
		HideSolutionNode = FALSE
	EndGlobalSection
	GlobalSection(ExtensibilityGlobals) = postSolution
		SolutionGuid = {D2EE2A3A-EA1F-427E-A1FA-E60D7ADB22EB}
	EndGlobalSection
EndGlobal
