
Microsoft Visual Studio Solution File, Format Version 12.00
# Visual Studio Version 17
VisualStudioVersion = 17.7.34024.191
MinimumVisualStudioVersion = 10.0.40219.1
Project("{FAE04EC0-301F-11D3-BF4B-00C04F79EFBC}") = "Atividade1POOcomLIST", "Atividade1POOcomLIST\Atividade1POOcomLIST.csproj", "{81AC7DB4-8EB2-4310-A8CC-F04EBDB23E3B}"
EndProject
Global
	GlobalSection(SolutionConfigurationPlatforms) = preSolution
		Debug|Any CPU = Debug|Any CPU
		Release|Any CPU = Release|Any CPU
	EndGlobalSection
	GlobalSection(ProjectConfigurationPlatforms) = postSolution
		{81AC7DB4-8EB2-4310-A8CC-F04EBDB23E3B}.Debug|Any CPU.ActiveCfg = Debug|Any CPU
		{81AC7DB4-8EB2-4310-A8CC-F04EBDB23E3B}.Debug|Any CPU.Build.0 = Debug|Any CPU
		{81AC7DB4-8EB2-4310-A8CC-F04EBDB23E3B}.Release|Any CPU.ActiveCfg = Release|Any CPU
		{81AC7DB4-8EB2-4310-A8CC-F04EBDB23E3B}.Release|Any CPU.Build.0 = Release|Any CPU
	EndGlobalSection
	GlobalSection(SolutionProperties) = preSolution
		HideSolutionNode = FALSE
	EndGlobalSection
	GlobalSection(ExtensibilityGlobals) = postSolution
		SolutionGuid = {C90DE3CF-85D5-4F1E-B323-D6FC5FD901CE}
	EndGlobalSection
EndGlobal
