
Microsoft Visual Studio Solution File, Format Version 12.00
# Visual Studio Version 17
VisualStudioVersion = 17.7.34024.191
MinimumVisualStudioVersion = 10.0.40219.1
Project("{FAE04EC0-301F-11D3-BF4B-00C04F79EFBC}") = "Atividade3comSortedEList", "Atividade3comSortedEList\Atividade3comSortedEList.csproj", "{C2BEEBD1-CF71-4B3B-8AB7-02E479C6C7C4}"
EndProject
Global
	GlobalSection(SolutionConfigurationPlatforms) = preSolution
		Debug|Any CPU = Debug|Any CPU
		Release|Any CPU = Release|Any CPU
	EndGlobalSection
	GlobalSection(ProjectConfigurationPlatforms) = postSolution
		{C2BEEBD1-CF71-4B3B-8AB7-02E479C6C7C4}.Debug|Any CPU.ActiveCfg = Debug|Any CPU
		{C2BEEBD1-CF71-4B3B-8AB7-02E479C6C7C4}.Debug|Any CPU.Build.0 = Debug|Any CPU
		{C2BEEBD1-CF71-4B3B-8AB7-02E479C6C7C4}.Release|Any CPU.ActiveCfg = Release|Any CPU
		{C2BEEBD1-CF71-4B3B-8AB7-02E479C6C7C4}.Release|Any CPU.Build.0 = Release|Any CPU
	EndGlobalSection
	GlobalSection(SolutionProperties) = preSolution
		HideSolutionNode = FALSE
	EndGlobalSection
	GlobalSection(ExtensibilityGlobals) = postSolution
		SolutionGuid = {1AF5058B-076F-4487-95F0-4C944ECD1D90}
	EndGlobalSection
EndGlobal
