
Microsoft Visual Studio Solution File, Format Version 12.00
# Visual Studio Version 17
VisualStudioVersion = 17.2.32616.157
MinimumVisualStudioVersion = 10.0.40219.1
Project("{FAE04EC0-301F-11D3-BF4B-00C04F79EFBC}") = "AtividadeOOP.2", "AtividadeOOP.2\AtividadeOOP.2.csproj", "{93DF7111-A1F2-4F9E-93BE-067882F2662D}"
EndProject
Global
	GlobalSection(SolutionConfigurationPlatforms) = preSolution
		Debug|Any CPU = Debug|Any CPU
		Release|Any CPU = Release|Any CPU
	EndGlobalSection
	GlobalSection(ProjectConfigurationPlatforms) = postSolution
		{93DF7111-A1F2-4F9E-93BE-067882F2662D}.Debug|Any CPU.ActiveCfg = Debug|Any CPU
		{93DF7111-A1F2-4F9E-93BE-067882F2662D}.Debug|Any CPU.Build.0 = Debug|Any CPU
		{93DF7111-A1F2-4F9E-93BE-067882F2662D}.Release|Any CPU.ActiveCfg = Release|Any CPU
		{93DF7111-A1F2-4F9E-93BE-067882F2662D}.Release|Any CPU.Build.0 = Release|Any CPU
	EndGlobalSection
	GlobalSection(SolutionProperties) = preSolution
		HideSolutionNode = FALSE
	EndGlobalSection
	GlobalSection(ExtensibilityGlobals) = postSolution
		SolutionGuid = {8B25A7E5-B7AB-45B3-B100-1D13DBFE150A}
	EndGlobalSection
EndGlobal
