
Microsoft Visual Studio Solution File, Format Version 12.00
# Visual Studio Version 17
VisualStudioVersion = 17.2.32616.157
MinimumVisualStudioVersion = 10.0.40219.1
Project("{FAE04EC0-301F-11D3-BF4B-00C04F79EFBC}") = "AtividadeOOP.4", "AtividadeOOP.4\AtividadeOOP.4.csproj", "{43DCC406-20AA-417A-B22A-412B0A5CB972}"
EndProject
Global
	GlobalSection(SolutionConfigurationPlatforms) = preSolution
		Debug|Any CPU = Debug|Any CPU
		Release|Any CPU = Release|Any CPU
	EndGlobalSection
	GlobalSection(ProjectConfigurationPlatforms) = postSolution
		{43DCC406-20AA-417A-B22A-412B0A5CB972}.Debug|Any CPU.ActiveCfg = Debug|Any CPU
		{43DCC406-20AA-417A-B22A-412B0A5CB972}.Debug|Any CPU.Build.0 = Debug|Any CPU
		{43DCC406-20AA-417A-B22A-412B0A5CB972}.Release|Any CPU.ActiveCfg = Release|Any CPU
		{43DCC406-20AA-417A-B22A-412B0A5CB972}.Release|Any CPU.Build.0 = Release|Any CPU
	EndGlobalSection
	GlobalSection(SolutionProperties) = preSolution
		HideSolutionNode = FALSE
	EndGlobalSection
	GlobalSection(ExtensibilityGlobals) = postSolution
		SolutionGuid = {BB9B5F0A-7A57-4751-A85E-67A15DE323EC}
	EndGlobalSection
EndGlobal
