
Microsoft Visual Studio Solution File, Format Version 12.00
# Visual Studio Version 17
VisualStudioVersion = 17.3.32901.215
MinimumVisualStudioVersion = 10.0.40219.1
Project("{FAE04EC0-301F-11D3-BF4B-00C04F79EFBC}") = "AtividadeComHipa.1", "AtividadeComHipa.1\AtividadeComHipa.1.csproj", "{746D5D43-17B9-44E0-AA4C-810040C05499}"
EndProject
Global
	GlobalSection(SolutionConfigurationPlatforms) = preSolution
		Debug|Any CPU = Debug|Any CPU
		Release|Any CPU = Release|Any CPU
	EndGlobalSection
	GlobalSection(ProjectConfigurationPlatforms) = postSolution
		{746D5D43-17B9-44E0-AA4C-810040C05499}.Debug|Any CPU.ActiveCfg = Debug|Any CPU
		{746D5D43-17B9-44E0-AA4C-810040C05499}.Debug|Any CPU.Build.0 = Debug|Any CPU
		{746D5D43-17B9-44E0-AA4C-810040C05499}.Release|Any CPU.ActiveCfg = Release|Any CPU
		{746D5D43-17B9-44E0-AA4C-810040C05499}.Release|Any CPU.Build.0 = Release|Any CPU
	EndGlobalSection
	GlobalSection(SolutionProperties) = preSolution
		HideSolutionNode = FALSE
	EndGlobalSection
	GlobalSection(ExtensibilityGlobals) = postSolution
		SolutionGuid = {EEEAD194-1482-42EB-B3FB-0329FCB418EA}
	EndGlobalSection
EndGlobal
